
Microsoft Visual Studio Solution File, Format Version 12.00
# Visual Studio Version 17
VisualStudioVersion = 17.5.33627.172
MinimumVisualStudioVersion = 10.0.40219.1
Project("{FAE04EC0-301F-11D3-BF4B-00C04F79EFBC}") = "ASM2", "ASM2.csproj", "{D64FE452-4D0B-475F-B8CC-3F16E733EC51}"
EndProject
Global
	GlobalSection(SolutionConfigurationPlatforms) = preSolution
		Debug|Any CPU = Debug|Any CPU
		Release|Any CPU = Release|Any CPU
	EndGlobalSection
	GlobalSection(ProjectConfigurationPlatforms) = postSolution
		{D64FE452-4D0B-475F-B8CC-3F16E733EC51}.Debug|Any CPU.ActiveCfg = Debug|Any CPU
		{D64FE452-4D0B-475F-B8CC-3F16E733EC51}.Debug|Any CPU.Build.0 = Debug|Any CPU
		{D64FE452-4D0B-475F-B8CC-3F16E733EC51}.Release|Any CPU.ActiveCfg = Release|Any CPU
		{D64FE452-4D0B-475F-B8CC-3F16E733EC51}.Release|Any CPU.Build.0 = Release|Any CPU
	EndGlobalSection
	GlobalSection(SolutionProperties) = preSolution
		HideSolutionNode = FALSE
	EndGlobalSection
	GlobalSection(ExtensibilityGlobals) = postSolution
		SolutionGuid = {5FEE0496-6FDA-4A9D-8840-FFA71E693910}
	EndGlobalSection
EndGlobal
